
Microsoft Visual Studio Solution File, Format Version 12.00
# Visual Studio Version 16
VisualStudioVersion = 16.0.31105.61
MinimumVisualStudioVersion = 10.0.40219.1
Project("{FAE04EC0-301F-11D3-BF4B-00C04F79EFBC}") = "Points_Calculation", "Points_Calculation\Points_Calculation.csproj", "{B29E687E-84E2-4E35-AE33-1D59DC192614}"
EndProject
Global
	GlobalSection(SolutionConfigurationPlatforms) = preSolution
		Debug|Any CPU = Debug|Any CPU
		Release|Any CPU = Release|Any CPU
	EndGlobalSection
	GlobalSection(ProjectConfigurationPlatforms) = postSolution
		{B29E687E-84E2-4E35-AE33-1D59DC192614}.Debug|Any CPU.ActiveCfg = Debug|Any CPU
		{B29E687E-84E2-4E35-AE33-1D59DC192614}.Debug|Any CPU.Build.0 = Debug|Any CPU
		{B29E687E-84E2-4E35-AE33-1D59DC192614}.Release|Any CPU.ActiveCfg = Release|Any CPU
		{B29E687E-84E2-4E35-AE33-1D59DC192614}.Release|Any CPU.Build.0 = Release|Any CPU
	EndGlobalSection
	GlobalSection(SolutionProperties) = preSolution
		HideSolutionNode = FALSE
	EndGlobalSection
	GlobalSection(ExtensibilityGlobals) = postSolution
		SolutionGuid = {DEB8D383-1FB4-48FF-ACE6-219D37860AEC}
	EndGlobalSection
EndGlobal
